{
  "object": {
    "pins": [
      {
        "package": "PureduxCommon",
        "repositoryURL": "https://github.com/KazaiMazai/PureduxCommon.git",
        "state": {
          "branch": "dev",
          "revision": "614b94cd86631f6391b07ca6d1e3fd33d50468e1",
          "version": null
        }
      },
      {
        "package": "PureduxStore",
        "repositoryURL": "https://github.com/KazaiMazai/PureduxStore.git",
        "state": {
          "branch": null,
          "revision": "878edc2e1885f0fd313c7caf2c397db7415a983c",
          "version": "1.0.1"
        }
      }
    ]
  },
  "version": 1
}
