{
  "object": {
    "pins": [
      {
        "package": "PureduxCommon",
        "repositoryURL": "https://github.com/KazaiMazai/PureduxCommon.git",
        "state": {
          "branch": null,
          "revision": "7bae87ba5b9dc17b79b35c4fde5da020be3f7d62",
          "version": "1.0.0"
        }
      },
      {
        "package": "PureduxStore",
        "repositoryURL": "https://github.com/KazaiMazai/PureduxStore.git",
        "state": {
          "branch": null,
          "revision": "f61e09511fefcf64b5b1ca68cfc853e687c2926c",
          "version": "1.1.0"
        }
      }
    ]
  },
  "version": 1
}
